
Microsoft Visual Studio Solution File, Format Version 12.00
# Visual Studio Version 16
VisualStudioVersion = 16.0.30413.136
MinimumVisualStudioVersion = 10.0.40219.1
Project("{9A19103F-16F7-4668-BE54-9A1E7A4F7556}") = "BaristaApi", "BaristaApi.csproj", "{205F09B4-562C-437E-9075-6854C690E1E8}"
EndProject
Global
	GlobalSection(SolutionConfigurationPlatforms) = preSolution
		Debug|Any CPU = Debug|Any CPU
		Release|Any CPU = Release|Any CPU
	EndGlobalSection
	GlobalSection(ProjectConfigurationPlatforms) = postSolution
		{205F09B4-562C-437E-9075-6854C690E1E8}.Debug|Any CPU.ActiveCfg = Debug|Any CPU
		{205F09B4-562C-437E-9075-6854C690E1E8}.Debug|Any CPU.Build.0 = Debug|Any CPU
		{205F09B4-562C-437E-9075-6854C690E1E8}.Release|Any CPU.ActiveCfg = Release|Any CPU
		{205F09B4-562C-437E-9075-6854C690E1E8}.Release|Any CPU.Build.0 = Release|Any CPU
	EndGlobalSection
	GlobalSection(SolutionProperties) = preSolution
		HideSolutionNode = FALSE
	EndGlobalSection
	GlobalSection(ExtensibilityGlobals) = postSolution
		SolutionGuid = {84B68818-4DC9-4A10-91E9-A1E23B754379}
	EndGlobalSection
EndGlobal
